
Microsoft Visual Studio Solution File, Format Version 12.00
# Visual Studio 15
VisualStudioVersion = 15.0.27130.2010
MinimumVisualStudioVersion = 10.0.40219.1
Project("{FAE04EC0-301F-11D3-BF4B-00C04F79EFBC}") = "Dynamics Induction Package", "Dynamics Induction Package\Dynamics Induction Package.csproj", "{0D97FD77-3EE5-4005-95BE-ED066B6447EE}"
EndProject
Global
	GlobalSection(SolutionConfigurationPlatforms) = preSolution
		Debug|Any CPU = Debug|Any CPU
		Release|Any CPU = Release|Any CPU
	EndGlobalSection
	GlobalSection(ProjectConfigurationPlatforms) = postSolution
		{0D97FD77-3EE5-4005-95BE-ED066B6447EE}.Debug|Any CPU.ActiveCfg = Debug|Any CPU
		{0D97FD77-3EE5-4005-95BE-ED066B6447EE}.Debug|Any CPU.Build.0 = Debug|Any CPU
		{0D97FD77-3EE5-4005-95BE-ED066B6447EE}.Debug|Any CPU.Deploy.0 = Debug|Any CPU
		{0D97FD77-3EE5-4005-95BE-ED066B6447EE}.Release|Any CPU.ActiveCfg = Release|Any CPU
		{0D97FD77-3EE5-4005-95BE-ED066B6447EE}.Release|Any CPU.Build.0 = Release|Any CPU
		{0D97FD77-3EE5-4005-95BE-ED066B6447EE}.Release|Any CPU.Deploy.0 = Release|Any CPU
	EndGlobalSection
	GlobalSection(SolutionProperties) = preSolution
		HideSolutionNode = FALSE
	EndGlobalSection
	GlobalSection(ExtensibilityGlobals) = postSolution
		SolutionGuid = {2B41542C-1D4A-4A1B-9C1E-54CFDA41B441}
	EndGlobalSection
	GlobalSection(CRMSolutionProperties) = preSolution
		SolutionIsBoundToCRM = True
	EndGlobalSection
EndGlobal
